
Microsoft Visual Studio Solution File, Format Version 12.00
# Visual Studio Version 17
VisualStudioVersion = 17.0.31903.59
MinimumVisualStudioVersion = 10.0.40219.1
Project("{FAE04EC0-301F-11D3-BF4B-00C04F79EFBC}") = "PerformanceAgent.Core", "src\PerformanceAgent.Core\PerformanceAgent.Core.csproj", "{10F4B347-55DA-4BA1-94C1-60F177B12F40}"
EndProject
Project("{FAE04EC0-301F-11D3-BF4B-00C04F79EFBC}") = "PerformanceAgent.BenchmarkDotNet", "src\\PerformanceAgent.BenchmarkDotNet\\PerformanceAgent.BenchmarkDotNet.csproj", "{21B9178E-7B98-4B5C-A02E-20F835A2F76A}"\nEndProject\nProject("{FAE04EC0-301F-11D3-BF4B-00C04F79EFBC}") = "PerformanceAgent.Core.Tests", "tests\unit\PerformanceAgent.Core.Tests\PerformanceAgent.Core.Tests.csproj", "{AB61BE39-EF9A-4456-889E-C82175557CF5}"
EndProject
Global
	GlobalSection(SolutionConfigurationPlatforms) = preSolution
		Debug|Any CPU = Debug|Any CPU
		Release|Any CPU = Release|Any CPU
	EndGlobalSection
	GlobalSection(ProjectConfigurationPlatforms) = postSolution\n\t\t{21B9178E-7B98-4B5C-A02E-20F835A2F76A}.Debug|Any CPU.ActiveCfg = Debug|Any CPU\n\t\t{21B9178E-7B98-4B5C-A02E-20F835A2F76A}.Debug|Any CPU.Build.0 = Debug|Any CPU\n\t\t{21B9178E-7B98-4B5C-A02E-20F835A2F76A}.Release|Any CPU.ActiveCfg = Release|Any CPU\n\t\t{21B9178E-7B98-4B5C-A02E-20F835A2F76A}.Release|Any CPU.Build.0 = Release|Any CPU
		{10F4B347-55DA-4BA1-94C1-60F177B12F40}.Debug|Any CPU.ActiveCfg = Debug|Any CPU
		{10F4B347-55DA-4BA1-94C1-60F177B12F40}.Debug|Any CPU.Build.0 = Debug|Any CPU
		{10F4B347-55DA-4BA1-94C1-60F177B12F40}.Release|Any CPU.ActiveCfg = Release|Any CPU
		{10F4B347-55DA-4BA1-94C1-60F177B12F40}.Release|Any CPU.Build.0 = Release|Any CPU
		{AB61BE39-EF9A-4456-889E-C82175557CF5}.Debug|Any CPU.ActiveCfg = Debug|Any CPU
		{AB61BE39-EF9A-4456-889E-C82175557CF5}.Debug|Any CPU.Build.0 = Debug|Any CPU
		{AB61BE39-EF9A-4456-889E-C82175557CF5}.Release|Any CPU.ActiveCfg = Release|Any CPU
		{AB61BE39-EF9A-4456-889E-C82175557CF5}.Release|Any CPU.Build.0 = Release|Any CPU
	EndGlobalSection
EndGlobal
