
Microsoft Visual Studio Solution File, Format Version 12.00
# Visual Studio Version 17
VisualStudioVersion = 17.0.31903.59
MinimumVisualStudioVersion = 10.0.40219.1
Project("{FAE04EC0-301F-11D3-BF4B-00C04F79EFBC}") = "PerformanceAgent.Core", "src\PerformanceAgent.Core\PerformanceAgent.Core.csproj", "{10F4B347-55DA-4BA1-94C1-60F177B12F40}"
EndProject
Project("{FAE04EC0-301F-11D3-BF4B-00C04F79EFBC}") = "PerformanceAgent.BenchmarkDotNet", "src\\PerformanceAgent.BenchmarkDotNet\\PerformanceAgent.BenchmarkDotNet.csproj", "{21B9178E-7B98-4B5C-A02E-20F835A2F76A}"
EndProject
Project("{FAE04EC0-301F-11D3-BF4B-00C04F79EFBC}") = "PerformanceAgent.Core.Tests", "tests\unit\PerformanceAgent.Core.Tests\PerformanceAgent.Core.Tests.csproj", "{AB61BE39-EF9A-4456-889E-C82175557CF5}"
EndProject
Project("{FAE04EC0-301F-11D3-BF4B-00C04F79EFBC}") = "PerformanceAgent.BenchmarkDotNet.IntegrationTests", "tests\\integration\\PerformanceAgent.BenchmarkDotNet.IntegrationTests\\PerformanceAgent.BenchmarkDotNet.IntegrationTests.csproj", "{F3A39E71-98E0-49E8-A6AA-7B498AEB76CF}"
EndProject
Project("{FAE04EC0-301F-11D3-BF4B-00C04F79EFBC}") = "PerformanceAgent.Cli", "apps\\cli\\PerformanceAgent.Cli\\PerformanceAgent.Cli.csproj", "{8D153CF0-92F0-448C-B845-7C93E1F36E93}"
EndProject
Project("{FAE04EC0-301F-11D3-BF4B-00C04F79EFBC}") = "PerformanceAgent.BenchmarkHost", "apps\\benchmark-host\\PerformanceAgent.BenchmarkHost\\PerformanceAgent.BenchmarkHost.csproj", "{D4C96747-23A5-4D80-91AA-28B7CB63C920}"
EndProject
Project("{FAE04EC0-301F-11D3-BF4B-00C04F79EFBC}") = "PerformanceAgent.AI", "src\\PerformanceAgent.AI\\PerformanceAgent.AI.csproj", "{467A345E-072F-4DEB-AB2A-503BAB6A6524}"
EndProject
Project("{FAE04EC0-301F-11D3-BF4B-00C04F79EFBC}") = "PerformanceAgent.AI.Tests", "tests\\unit\\PerformanceAgent.AI.Tests\\PerformanceAgent.AI.Tests.csproj", "{0562D3E1-2D6D-4766-86EB-C8F4CB1AF004}"
EndProject
Project("{FAE04EC0-301F-11D3-BF4B-00C04F79EFBC}") = "PerformanceAgent.Cli.IntegrationTests", "tests\\integration\\PerformanceAgent.Cli.IntegrationTests\\PerformanceAgent.Cli.IntegrationTests.csproj", "{6C1E2B7A-3D4F-4E8B-9A1C-5F2D8E7B4A30}"
EndProject
Global
	GlobalSection(SolutionConfigurationPlatforms) = preSolution
		Debug|Any CPU = Debug|Any CPU
		Release|Any CPU = Release|Any CPU
	EndGlobalSection
	GlobalSection(ProjectConfigurationPlatforms) = postSolution
		{8D153CF0-92F0-448C-B845-7C93E1F36E93}.Debug|Any CPU.ActiveCfg = Debug|Any CPU
		{8D153CF0-92F0-448C-B845-7C93E1F36E93}.Debug|Any CPU.Build.0 = Debug|Any CPU
		{8D153CF0-92F0-448C-B845-7C93E1F36E93}.Release|Any CPU.ActiveCfg = Release|Any CPU
		{8D153CF0-92F0-448C-B845-7C93E1F36E93}.Release|Any CPU.Build.0 = Release|Any CPU
		{F3A39E71-98E0-49E8-A6AA-7B498AEB76CF}.Debug|Any CPU.ActiveCfg = Debug|Any CPU
		{F3A39E71-98E0-49E8-A6AA-7B498AEB76CF}.Debug|Any CPU.Build.0 = Debug|Any CPU
		{F3A39E71-98E0-49E8-A6AA-7B498AEB76CF}.Release|Any CPU.ActiveCfg = Release|Any CPU
		{F3A39E71-98E0-49E8-A6AA-7B498AEB76CF}.Release|Any CPU.Build.0 = Release|Any CPU
		{21B9178E-7B98-4B5C-A02E-20F835A2F76A}.Debug|Any CPU.ActiveCfg = Debug|Any CPU
		{21B9178E-7B98-4B5C-A02E-20F835A2F76A}.Debug|Any CPU.Build.0 = Debug|Any CPU
		{21B9178E-7B98-4B5C-A02E-20F835A2F76A}.Release|Any CPU.ActiveCfg = Release|Any CPU
		{21B9178E-7B98-4B5C-A02E-20F835A2F76A}.Release|Any CPU.Build.0 = Release|Any CPU
		{10F4B347-55DA-4BA1-94C1-60F177B12F40}.Debug|Any CPU.ActiveCfg = Debug|Any CPU
		{10F4B347-55DA-4BA1-94C1-60F177B12F40}.Debug|Any CPU.Build.0 = Debug|Any CPU
		{10F4B347-55DA-4BA1-94C1-60F177B12F40}.Release|Any CPU.ActiveCfg = Release|Any CPU
		{10F4B347-55DA-4BA1-94C1-60F177B12F40}.Release|Any CPU.Build.0 = Release|Any CPU
		{AB61BE39-EF9A-4456-889E-C82175557CF5}.Debug|Any CPU.ActiveCfg = Debug|Any CPU
		{AB61BE39-EF9A-4456-889E-C82175557CF5}.Debug|Any CPU.Build.0 = Debug|Any CPU
		{AB61BE39-EF9A-4456-889E-C82175557CF5}.Release|Any CPU.ActiveCfg = Release|Any CPU
		{AB61BE39-EF9A-4456-889E-C82175557CF5}.Release|Any CPU.Build.0 = Release|Any CPU
		{D4C96747-23A5-4D80-91AA-28B7CB63C920}.Debug|Any CPU.ActiveCfg = Debug|Any CPU
		{D4C96747-23A5-4D80-91AA-28B7CB63C920}.Debug|Any CPU.Build.0 = Debug|Any CPU
		{D4C96747-23A5-4D80-91AA-28B7CB63C920}.Release|Any CPU.ActiveCfg = Release|Any CPU
		{D4C96747-23A5-4D80-91AA-28B7CB63C920}.Release|Any CPU.Build.0 = Release|Any CPU
		{467A345E-072F-4DEB-AB2A-503BAB6A6524}.Debug|Any CPU.ActiveCfg = Debug|Any CPU
		{467A345E-072F-4DEB-AB2A-503BAB6A6524}.Debug|Any CPU.Build.0 = Debug|Any CPU
		{467A345E-072F-4DEB-AB2A-503BAB6A6524}.Release|Any CPU.ActiveCfg = Release|Any CPU
		{467A345E-072F-4DEB-AB2A-503BAB6A6524}.Release|Any CPU.Build.0 = Release|Any CPU
		{0562D3E1-2D6D-4766-86EB-C8F4CB1AF004}.Debug|Any CPU.ActiveCfg = Debug|Any CPU
		{0562D3E1-2D6D-4766-86EB-C8F4CB1AF004}.Debug|Any CPU.Build.0 = Debug|Any CPU
		{0562D3E1-2D6D-4766-86EB-C8F4CB1AF004}.Release|Any CPU.ActiveCfg = Release|Any CPU
		{0562D3E1-2D6D-4766-86EB-C8F4CB1AF004}.Release|Any CPU.Build.0 = Release|Any CPU
		{6C1E2B7A-3D4F-4E8B-9A1C-5F2D8E7B4A30}.Debug|Any CPU.ActiveCfg = Debug|Any CPU
		{6C1E2B7A-3D4F-4E8B-9A1C-5F2D8E7B4A30}.Debug|Any CPU.Build.0 = Debug|Any CPU
		{6C1E2B7A-3D4F-4E8B-9A1C-5F2D8E7B4A30}.Release|Any CPU.ActiveCfg = Release|Any CPU
		{6C1E2B7A-3D4F-4E8B-9A1C-5F2D8E7B4A30}.Release|Any CPU.Build.0 = Release|Any CPU
	EndGlobalSection
EndGlobal
